
Microsoft Visual Studio Solution File, Format Version 12.00
# Visual Studio Version 16
VisualStudioVersion = 16.0.30907.101
MinimumVisualStudioVersion = 10.0.40219.1
Project("{9A19103F-16F7-4668-BE54-9A1E7A4F7556}") = "Sunday.IdentityServer", "Sunday.IdentityServer.csproj", "{561A3494-BB84-4B73-9385-6BC42A8A0F02}"
EndProject
Global
	GlobalSection(SolutionConfigurationPlatforms) = preSolution
		Debug|Any CPU = Debug|Any CPU
		Release|Any CPU = Release|Any CPU
	EndGlobalSection
	GlobalSection(ProjectConfigurationPlatforms) = postSolution
		{561A3494-BB84-4B73-9385-6BC42A8A0F02}.Debug|Any CPU.ActiveCfg = Debug|Any CPU
		{561A3494-BB84-4B73-9385-6BC42A8A0F02}.Debug|Any CPU.Build.0 = Debug|Any CPU
		{561A3494-BB84-4B73-9385-6BC42A8A0F02}.Release|Any CPU.ActiveCfg = Release|Any CPU
		{561A3494-BB84-4B73-9385-6BC42A8A0F02}.Release|Any CPU.Build.0 = Release|Any CPU
	EndGlobalSection
	GlobalSection(SolutionProperties) = preSolution
		HideSolutionNode = FALSE
	EndGlobalSection
	GlobalSection(ExtensibilityGlobals) = postSolution
		SolutionGuid = {FE27D323-74F8-4499-A55E-C8DA56F40EA5}
	EndGlobalSection
EndGlobal
